// !$*UTF8*$!
{
	archiveVersion = 1;
	classes = {
	};
	objectVersion = 60;
	objects = {

/* Begin PBXBuildFile section */
		B0010001 /* OutreachApp.swift in Sources */ = {isa = PBXBuildFile; fileRef = F0010001 /* OutreachApp.swift */; };
		B0010002 /* AppDelegate.swift in Sources */ = {isa = PBXBuildFile; fileRef = F0010002 /* AppDelegate.swift */; };
		B0010003 /* Models.swift in Sources */ = {isa = PBXBuildFile; fileRef = F0010003 /* Models.swift */; };
		B0010004 /* Parsing.swift in Sources */ = {isa = PBXBuildFile; fileRef = F0010004 /* Parsing.swift */; };
		B0010005 /* MapFilterUtils.swift in Sources */ = {isa = PBXBuildFile; fileRef = F0010005 /* MapFilterUtils.swift */; };
		B0010006 /* MapDateResolution.swift in Sources */ = {isa = PBXBuildFile; fileRef = F0010006 /* MapDateResolution.swift */; };
		B0010007 /* SwiftDataModels.swift in Sources */ = {isa = PBXBuildFile; fileRef = F0010007 /* SwiftDataModels.swift */; };
		B0010008 /* AppConfigStore.swift in Sources */ = {isa = PBXBuildFile; fileRef = F0010008 /* AppConfigStore.swift */; };
		B0010009 /* GeocodingService.swift in Sources */ = {isa = PBXBuildFile; fileRef = F0010009 /* GeocodingService.swift */; };
		B001000A /* GoogleSheetsAPI.swift in Sources */ = {isa = PBXBuildFile; fileRef = F001000A /* GoogleSheetsAPI.swift */; };
		B001000B /* GoogleTokenProvider.swift in Sources */ = {isa = PBXBuildFile; fileRef = F001000B /* GoogleTokenProvider.swift */; };
		B001000C /* OutreachRepository.swift in Sources */ = {isa = PBXBuildFile; fileRef = F001000C /* OutreachRepository.swift */; };
		B001000D /* ServiceLocator.swift in Sources */ = {isa = PBXBuildFile; fileRef = F001000D /* ServiceLocator.swift */; };
		B001000E /* RootView.swift in Sources */ = {isa = PBXBuildFile; fileRef = F001000E /* RootView.swift */; };
		B001000F /* LoginGateView.swift in Sources */ = {isa = PBXBuildFile; fileRef = F001000F /* LoginGateView.swift */; };
		B0010010 /* MapTabView.swift in Sources */ = {isa = PBXBuildFile; fileRef = F0010010 /* MapTabView.swift */; };
		B0010011 /* VisitsTabView.swift in Sources */ = {isa = PBXBuildFile; fileRef = F0010011 /* VisitsTabView.swift */; };
		B0010012 /* SettingsTabView.swift in Sources */ = {isa = PBXBuildFile; fileRef = F0010012 /* SettingsTabView.swift */; };
		B0010014 /* Assets.xcassets in Resources */ = {isa = PBXBuildFile; fileRef = F0010014 /* Assets.xcassets */; };
		B0010015 /* UiTestTags.swift in Sources */ = {isa = PBXBuildFile; fileRef = F0010015 /* UiTestTags.swift */; };
		B0010016 /* UiAutomationConfig.swift in Sources */ = {isa = PBXBuildFile; fileRef = F0010016 /* UiAutomationConfig.swift */; };
		B0010017 /* VisitLogView.swift in Sources */ = {isa = PBXBuildFile; fileRef = F0010017 /* VisitLogView.swift */; };
		B0010018 /* MapRoutingCoordinator.swift in Sources */ = {isa = PBXBuildFile; fileRef = F0010018 /* MapRoutingCoordinator.swift */; };
		B00100F1 /* FirebaseCore in Frameworks */ = {isa = PBXBuildFile; productRef = PRD0001 /* FirebaseCore */; };
		B00100F2 /* FirebaseAuth in Frameworks */ = {isa = PBXBuildFile; productRef = PRD0002 /* FirebaseAuth */; };
		B00100F3 /* FirebaseFirestore in Frameworks */ = {isa = PBXBuildFile; productRef = PRD0003 /* FirebaseFirestore */; };
		B00100F4 /* GoogleSignIn in Frameworks */ = {isa = PBXBuildFile; productRef = PRD0004 /* GoogleSignIn */; };
		B00100F5 /* GoogleSignInSwift in Frameworks */ = {isa = PBXBuildFile; productRef = PRD0005 /* GoogleSignInSwift */; };
		B0020001 /* AppShellUITests.swift in Sources */ = {isa = PBXBuildFile; fileRef = F0020001 /* AppShellUITests.swift */; };
		B0020002 /* UiTestTags.swift in Sources */ = {isa = PBXBuildFile; fileRef = F0010015 /* UiTestTags.swift */; };
/* End PBXBuildFile section */

/* Begin PBXContainerItemProxy section */
		CPI00001 /* PBXContainerItemProxy */ = {
			isa = PBXContainerItemProxy;
			containerPortal = PRJ00001 /* Project object */;
			proxyType = 1;
			remoteGlobalIDString = TGT00001;
			remoteInfo = Outreach;
		};
/* End PBXContainerItemProxy section */

/* Begin PBXFileReference section */
		APP00001 /* Outreach.app */ = {isa = PBXFileReference; explicitFileType = wrapper.application; includeInIndex = 0; path = Outreach.app; sourceTree = BUILT_PRODUCTS_DIR; };
		APP00002 /* OutreachUITests.xctest */ = {isa = PBXFileReference; explicitFileType = wrapper.cfbundle; includeInIndex = 0; path = OutreachUITests.xctest; sourceTree = BUILT_PRODUCTS_DIR; };
		F0010001 /* OutreachApp.swift */ = {isa = PBXFileReference; lastKnownFileType = sourcecode.swift; path = OutreachApp.swift; sourceTree = "<group>"; };
		F0010002 /* AppDelegate.swift */ = {isa = PBXFileReference; lastKnownFileType = sourcecode.swift; path = AppDelegate.swift; sourceTree = "<group>"; };
		F0010003 /* Models.swift */ = {isa = PBXFileReference; lastKnownFileType = sourcecode.swift; path = Models.swift; sourceTree = "<group>"; };
		F0010004 /* Parsing.swift */ = {isa = PBXFileReference; lastKnownFileType = sourcecode.swift; path = Parsing.swift; sourceTree = "<group>"; };
		F0010005 /* MapFilterUtils.swift */ = {isa = PBXFileReference; lastKnownFileType = sourcecode.swift; path = MapFilterUtils.swift; sourceTree = "<group>"; };
		F0010006 /* MapDateResolution.swift */ = {isa = PBXFileReference; lastKnownFileType = sourcecode.swift; path = MapDateResolution.swift; sourceTree = "<group>"; };
		F0010007 /* SwiftDataModels.swift */ = {isa = PBXFileReference; lastKnownFileType = sourcecode.swift; path = SwiftDataModels.swift; sourceTree = "<group>"; };
		F0010008 /* AppConfigStore.swift */ = {isa = PBXFileReference; lastKnownFileType = sourcecode.swift; path = AppConfigStore.swift; sourceTree = "<group>"; };
		F0010009 /* GeocodingService.swift */ = {isa = PBXFileReference; lastKnownFileType = sourcecode.swift; path = GeocodingService.swift; sourceTree = "<group>"; };
		F001000A /* GoogleSheetsAPI.swift */ = {isa = PBXFileReference; lastKnownFileType = sourcecode.swift; path = GoogleSheetsAPI.swift; sourceTree = "<group>"; };
		F001000B /* GoogleTokenProvider.swift */ = {isa = PBXFileReference; lastKnownFileType = sourcecode.swift; path = GoogleTokenProvider.swift; sourceTree = "<group>"; };
		F001000C /* OutreachRepository.swift */ = {isa = PBXFileReference; lastKnownFileType = sourcecode.swift; path = OutreachRepository.swift; sourceTree = "<group>"; };
		F001000D /* ServiceLocator.swift */ = {isa = PBXFileReference; lastKnownFileType = sourcecode.swift; path = ServiceLocator.swift; sourceTree = "<group>"; };
		F001000E /* RootView.swift */ = {isa = PBXFileReference; lastKnownFileType = sourcecode.swift; path = RootView.swift; sourceTree = "<group>"; };
		F001000F /* LoginGateView.swift */ = {isa = PBXFileReference; lastKnownFileType = sourcecode.swift; path = LoginGateView.swift; sourceTree = "<group>"; };
		F0010010 /* MapTabView.swift */ = {isa = PBXFileReference; lastKnownFileType = sourcecode.swift; path = MapTabView.swift; sourceTree = "<group>"; };
		F0010011 /* VisitsTabView.swift */ = {isa = PBXFileReference; lastKnownFileType = sourcecode.swift; path = VisitsTabView.swift; sourceTree = "<group>"; };
		F0010012 /* SettingsTabView.swift */ = {isa = PBXFileReference; lastKnownFileType = sourcecode.swift; path = SettingsTabView.swift; sourceTree = "<group>"; };
		F0010013 /* Info.plist */ = {isa = PBXFileReference; lastKnownFileType = text.plist.xml; path = Info.plist; sourceTree = "<group>"; };
		F0010014 /* Assets.xcassets */ = {isa = PBXFileReference; lastKnownFileType = folder.assetcatalog; path = Assets.xcassets; sourceTree = "<group>"; };
		F0010015 /* UiTestTags.swift */ = {isa = PBXFileReference; lastKnownFileType = sourcecode.swift; path = UiTestTags.swift; sourceTree = "<group>"; };
		F0010016 /* UiAutomationConfig.swift */ = {isa = PBXFileReference; lastKnownFileType = sourcecode.swift; path = UiAutomationConfig.swift; sourceTree = "<group>"; };
		F0010017 /* VisitLogView.swift */ = {isa = PBXFileReference; lastKnownFileType = sourcecode.swift; path = VisitLogView.swift; sourceTree = "<group>"; };
		F0010018 /* MapRoutingCoordinator.swift */ = {isa = PBXFileReference; lastKnownFileType = sourcecode.swift; path = MapRoutingCoordinator.swift; sourceTree = "<group>"; };
		F0020001 /* AppShellUITests.swift */ = {isa = PBXFileReference; lastKnownFileType = sourcecode.swift; path = AppShellUITests.swift; sourceTree = "<group>"; };
/* End PBXFileReference section */

/* Begin PBXFrameworksBuildPhase section */
		FRW00001 /* Frameworks */ = {
			isa = PBXFrameworksBuildPhase;
			buildActionMask = 2147483647;
			files = (
				B00100F1 /* FirebaseCore in Frameworks */,
				B00100F2 /* FirebaseAuth in Frameworks */,
				B00100F3 /* FirebaseFirestore in Frameworks */,
				B00100F4 /* GoogleSignIn in Frameworks */,
				B00100F5 /* GoogleSignInSwift in Frameworks */,
			);
			runOnlyForDeploymentPostprocessing = 0;
		};
		FRW00002 /* Frameworks */ = {
			isa = PBXFrameworksBuildPhase;
			buildActionMask = 2147483647;
			files = (
			);
			runOnlyForDeploymentPostprocessing = 0;
		};
/* End PBXFrameworksBuildPhase section */

/* Begin PBXGroup section */
		GRP00000 = {
			isa = PBXGroup;
			children = (
				GRP00001 /* Outreach */,
				GRP00002 /* OutreachUITests */,
				GRP00099 /* Products */,
			);
			sourceTree = "<group>";
		};
		GRP00001 /* Outreach */ = {
			isa = PBXGroup;
			children = (
				F0010001 /* OutreachApp.swift */,
				F0010002 /* AppDelegate.swift */,
				F0010003 /* Models.swift */,
				F0010004 /* Parsing.swift */,
				F0010005 /* MapFilterUtils.swift */,
				F0010006 /* MapDateResolution.swift */,
				F0010007 /* SwiftDataModels.swift */,
				F0010008 /* AppConfigStore.swift */,
				F0010009 /* GeocodingService.swift */,
				F001000A /* GoogleSheetsAPI.swift */,
				F001000B /* GoogleTokenProvider.swift */,
				F001000C /* OutreachRepository.swift */,
				F001000D /* ServiceLocator.swift */,
				F001000E /* RootView.swift */,
				F001000F /* LoginGateView.swift */,
				F0010010 /* MapTabView.swift */,
				F0010018 /* MapRoutingCoordinator.swift */,
				F0010011 /* VisitsTabView.swift */,
				F0010017 /* VisitLogView.swift */,
				F0010012 /* SettingsTabView.swift */,
				F0010013 /* Info.plist */,
				F0010014 /* Assets.xcassets */,
				F0010015 /* UiTestTags.swift */,
				F0010016 /* UiAutomationConfig.swift */,
			);
			path = Outreach;
			sourceTree = "<group>";
		};
		GRP00002 /* OutreachUITests */ = {
			isa = PBXGroup;
			children = (
				F0020001 /* AppShellUITests.swift */,
			);
			path = OutreachUITests;
			sourceTree = "<group>";
		};
		GRP00099 /* Products */ = {
			isa = PBXGroup;
			children = (
				APP00001 /* Outreach.app */,
				APP00002 /* OutreachUITests.xctest */,
			);
			name = Products;
			sourceTree = "<group>";
		};
/* End PBXGroup section */

/* Begin PBXNativeTarget section */
		TGT00001 /* Outreach */ = {
			isa = PBXNativeTarget;
			buildConfigurationList = CFG0003 /* Build configuration list for PBXNativeTarget "Outreach" */;
			buildPhases = (
				SRC00001 /* Sources */,
				FRW00001 /* Frameworks */,
				RES00001 /* Resources */,
				SHELL0001 /* Copy GoogleService-Info if present */,
				SHELL0002 /* Patch Info.plist OAuth from GoogleService-Info */,
			);
			buildRules = (
			);
			dependencies = (
			);
			name = Outreach;
			packageProductDependencies = (
				PRD0001 /* FirebaseCore */,
				PRD0002 /* FirebaseAuth */,
				PRD0003 /* FirebaseFirestore */,
				PRD0004 /* GoogleSignIn */,
				PRD0005 /* GoogleSignInSwift */,
			);
			productName = Outreach;
			productReference = APP00001 /* Outreach.app */;
			productType = "com.apple.product-type.application";
		};
		TGT00002 /* OutreachUITests */ = {
			isa = PBXNativeTarget;
			buildConfigurationList = CFG0004 /* Build configuration list for PBXNativeTarget "OutreachUITests" */;
			buildPhases = (
				SRC00002 /* Sources */,
				FRW00002 /* Frameworks */,
			);
			buildRules = (
			);
			dependencies = (
				TDP00001 /* PBXTargetDependency */,
			);
			name = OutreachUITests;
			productName = OutreachUITests;
			productReference = APP00002 /* OutreachUITests.xctest */;
			productType = "com.apple.product-type.bundle.ui-testing";
		};
/* End PBXNativeTarget section */

/* Begin PBXProject section */
		PRJ00001 /* Project object */ = {
			isa = PBXProject;
			attributes = {
				BuildIndependentTargetsInParallel = 1;
				LastSwiftUpdateCheck = 1500;
				LastUpgradeCheck = 1500;
			};
			buildConfigurationList = CFG0001 /* Build configuration list for PBXProject "Outreach" */;
			compatibilityVersion = "Xcode 15.0";
			developmentRegion = en;
			hasScannedForEncodings = 0;
			knownRegions = (
				en,
				Base,
			);
			mainGroup = GRP00000;
			packageReferences = (
				PKG0001 /* XCRemoteSwiftPackageReference "firebase-ios-sdk" */,
				PKG0002 /* XCRemoteSwiftPackageReference "GoogleSignIn-iOS" */,
			);
			productRefGroup = GRP00099 /* Products */;
			projectDirPath = "";
			projectRoot = "";
			targets = (
				TGT00001 /* Outreach */,
				TGT00002 /* OutreachUITests */,
			);
		};
/* End PBXProject section */

/* Begin PBXResourcesBuildPhase section */
		RES00001 /* Resources */ = {
			isa = PBXResourcesBuildPhase;
			buildActionMask = 2147483647;
			files = (
				B0010014 /* Assets.xcassets in Resources */,
			);
			runOnlyForDeploymentPostprocessing = 0;
		};
/* End PBXResourcesBuildPhase section */

/* Begin PBXShellScriptBuildPhase section */
		SHELL0001 /* Copy GoogleService-Info if present */ = {
			isa = PBXShellScriptBuildPhase;
			alwaysOutOfDate = 1;
			buildActionMask = 2147483647;
			files = (
			);
			inputFileListPaths = (
			);
			inputPaths = (
			);
			name = "Copy GoogleService-Info if present";
			outputFileListPaths = (
			);
			outputPaths = (
			);
			runOnlyForDeploymentPostprocessing = 0;
			shellPath = /bin/sh;
			shellScript = "# Gitignored plist from setup-secrets.sh or manual add; must land in the app bundle.\nPLIST_SRC=\"${SRCROOT}/Outreach/GoogleService-Info.plist\"\nAPP_DIR=\"${TARGET_BUILD_DIR}/${WRAPPER_NAME}\"\nif [ -f \"$PLIST_SRC\" ]; then\n  mkdir -p \"$APP_DIR\"\n  cp -f \"$PLIST_SRC\" \"$APP_DIR/GoogleService-Info.plist\"\nfi\n";
		};
		SHELL0002 /* Patch Info.plist OAuth from GoogleService-Info */ = {
			isa = PBXShellScriptBuildPhase;
			alwaysOutOfDate = 1;
			buildActionMask = 2147483647;
			files = (
			);
			inputFileListPaths = (
			);
			inputPaths = (
				"$(TARGET_BUILD_DIR)/$(WRAPPER_NAME)/Info.plist",
			);
			name = "Patch Info.plist OAuth from GoogleService-Info";
			outputFileListPaths = (
			);
			outputPaths = (
			);
			runOnlyForDeploymentPostprocessing = 0;
			shellPath = /bin/sh;
			shellScript = "SERVICE_PLIST=\"${SRCROOT}/Outreach/GoogleService-Info.plist\"\nAPP_INFO=\"${TARGET_BUILD_DIR}/${WRAPPER_NAME}/Info.plist\"\nPATCH_SCRIPT=\"${SRCROOT}/../scripts/patch-app-info-google-oauth.py\"\nif [ ! -f \"$APP_INFO\" ]; then\n  echo \"patch-app-info-google-oauth: skip (no app Info.plist yet): $APP_INFO\" >&2\n  exit 0\nfi\nif [ ! -f \"$SERVICE_PLIST\" ]; then\n  exit 0\nfi\nif [ ! -f \"$PATCH_SCRIPT\" ]; then\n  echo \"patch-app-info-google-oauth: missing $PATCH_SCRIPT\" >&2\n  exit 1\nfi\nexec python3 \"$PATCH_SCRIPT\" \"$SERVICE_PLIST\" \"$APP_INFO\"\n";
		};
/* End PBXShellScriptBuildPhase section */

/* Begin PBXSourcesBuildPhase section */
		SRC00001 /* Sources */ = {
			isa = PBXSourcesBuildPhase;
			buildActionMask = 2147483647;
			files = (
				B0010001 /* OutreachApp.swift in Sources */,
				B0010002 /* AppDelegate.swift in Sources */,
				B0010003 /* Models.swift in Sources */,
				B0010004 /* Parsing.swift in Sources */,
				B0010005 /* MapFilterUtils.swift in Sources */,
				B0010006 /* MapDateResolution.swift in Sources */,
				B0010007 /* SwiftDataModels.swift in Sources */,
				B0010008 /* AppConfigStore.swift in Sources */,
				B0010009 /* GeocodingService.swift in Sources */,
				B001000A /* GoogleSheetsAPI.swift in Sources */,
				B001000B /* GoogleTokenProvider.swift in Sources */,
				B001000C /* OutreachRepository.swift in Sources */,
				B001000D /* ServiceLocator.swift in Sources */,
				B001000E /* RootView.swift in Sources */,
				B001000F /* LoginGateView.swift in Sources */,
				B0010010 /* MapTabView.swift in Sources */,
				B0010018 /* MapRoutingCoordinator.swift in Sources */,
				B0010011 /* VisitsTabView.swift in Sources */,
				B0010017 /* VisitLogView.swift in Sources */,
				B0010012 /* SettingsTabView.swift in Sources */,
				B0010015 /* UiTestTags.swift in Sources */,
				B0010016 /* UiAutomationConfig.swift in Sources */,
			);
			runOnlyForDeploymentPostprocessing = 0;
		};
		SRC00002 /* Sources */ = {
			isa = PBXSourcesBuildPhase;
			buildActionMask = 2147483647;
			files = (
				B0020001 /* AppShellUITests.swift in Sources */,
				B0020002 /* UiTestTags.swift in Sources */,
			);
			runOnlyForDeploymentPostprocessing = 0;
		};
/* End PBXSourcesBuildPhase section */

/* Begin PBXTargetDependency section */
		TDP00001 /* PBXTargetDependency */ = {
			isa = PBXTargetDependency;
			target = TGT00001 /* Outreach */;
			targetProxy = CPI00001 /* PBXContainerItemProxy */;
		};
/* End PBXTargetDependency section */

/* Begin XCBuildConfiguration section */
		BCF0001 /* Debug */ = {
			isa = XCBuildConfiguration;
			buildSettings = {
				ALWAYS_SEARCH_USER_PATHS = NO;
				ASSETCATALOG_COMPILER_GENERATE_SWIFT_ASSET_SYMBOL_EXTENSIONS = YES;
				CLANG_ENABLE_MODULES = YES;
				CLANG_ENABLE_OBJC_ARC = YES;
				DEVELOPMENT_TEAM = "";
				ENABLE_STRICT_OBJC_MSGSEND = YES;
				ENABLE_TESTABILITY = YES;
				ENABLE_USER_SCRIPT_SANDBOXING = YES;
				GCC_DYNAMIC_NO_PIC = NO;
				GCC_OPTIMIZATION_LEVEL = 0;
				IPHONEOS_DEPLOYMENT_TARGET = 17.0;
				MTL_ENABLE_DEBUG_INFO = INCLUDE_SOURCE;
				ONLY_ACTIVE_ARCH = YES;
				SDKROOT = iphoneos;
				STRING_CATALOG_GENERATE_SYMBOLS = YES;
				SWIFT_ACTIVE_COMPILATION_CONDITIONS = "DEBUG $(inherited)";
				SWIFT_OPTIMIZATION_LEVEL = "-Onone";
			};
			name = Debug;
		};
		BCF0002 /* Release */ = {
			isa = XCBuildConfiguration;
			buildSettings = {
				ALWAYS_SEARCH_USER_PATHS = NO;
				ASSETCATALOG_COMPILER_GENERATE_SWIFT_ASSET_SYMBOL_EXTENSIONS = YES;
				CLANG_ENABLE_MODULES = YES;
				CLANG_ENABLE_OBJC_ARC = YES;
				DEVELOPMENT_TEAM = "";
				ENABLE_NS_ASSERTIONS = NO;
				ENABLE_STRICT_OBJC_MSGSEND = YES;
				ENABLE_USER_SCRIPT_SANDBOXING = YES;
				IPHONEOS_DEPLOYMENT_TARGET = 17.0;
				MTL_ENABLE_DEBUG_INFO = NO;
				SDKROOT = iphoneos;
				STRING_CATALOG_GENERATE_SYMBOLS = YES;
				SWIFT_COMPILATION_MODE = wholemodule;
			};
			name = Release;
		};
		BCF0003 /* Debug */ = {
			isa = XCBuildConfiguration;
			buildSettings = {
				ASSETCATALOG_COMPILER_APPICON_NAME = AppIcon;
				CODE_SIGN_STYLE = Automatic;
				CURRENT_PROJECT_VERSION = 1;
				DEVELOPMENT_TEAM = ZGDB9UJHM3;
				ENABLE_PREVIEWS = YES;
				ENABLE_USER_SCRIPT_SANDBOXING = NO;
				GENERATE_INFOPLIST_FILE = NO;
				INFOPLIST_FILE = Outreach/Info.plist;
				INFOPLIST_KEY_UILaunchScreen_Generation = YES;
				INFOPLIST_KEY_UISupportedInterfaceOrientations = UIInterfaceOrientationPortrait;
				LD_RUNPATH_SEARCH_PATHS = (
					"$(inherited)",
					"@executable_path/Frameworks",
				);
				MARKETING_VERSION = 1.0;
				PRODUCT_BUNDLE_IDENTIFIER = org.outreach.ios;
				PRODUCT_NAME = "$(TARGET_NAME)";
				SWIFT_EMIT_LOC_STRINGS = YES;
				SWIFT_STRICT_CONCURRENCY = minimal;
				SWIFT_VERSION = 5.0;
				TARGETED_DEVICE_FAMILY = 1;
			};
			name = Debug;
		};
		BCF0004 /* Release */ = {
			isa = XCBuildConfiguration;
			buildSettings = {
				ASSETCATALOG_COMPILER_APPICON_NAME = AppIcon;
				CODE_SIGN_STYLE = Automatic;
				CURRENT_PROJECT_VERSION = 1;
				DEVELOPMENT_TEAM = ZGDB9UJHM3;
				ENABLE_PREVIEWS = YES;
				ENABLE_USER_SCRIPT_SANDBOXING = NO;
				GENERATE_INFOPLIST_FILE = NO;
				INFOPLIST_FILE = Outreach/Info.plist;
				INFOPLIST_KEY_UILaunchScreen_Generation = YES;
				INFOPLIST_KEY_UISupportedInterfaceOrientations = UIInterfaceOrientationPortrait;
				LD_RUNPATH_SEARCH_PATHS = (
					"$(inherited)",
					"@executable_path/Frameworks",
				);
				MARKETING_VERSION = 1.0;
				PRODUCT_BUNDLE_IDENTIFIER = org.outreach.ios;
				PRODUCT_NAME = "$(TARGET_NAME)";
				SWIFT_EMIT_LOC_STRINGS = YES;
				SWIFT_STRICT_CONCURRENCY = minimal;
				SWIFT_VERSION = 5.0;
				TARGETED_DEVICE_FAMILY = 1;
			};
			name = Release;
		};
		BCF0005 /* Debug */ = {
			isa = XCBuildConfiguration;
			buildSettings = {
				CODE_SIGN_STYLE = Automatic;
				CURRENT_PROJECT_VERSION = 1;
				DEVELOPMENT_TEAM = "";
				GENERATE_INFOPLIST_FILE = YES;
				IPHONEOS_DEPLOYMENT_TARGET = 17.0;
				MARKETING_VERSION = 1.0;
				PRODUCT_BUNDLE_IDENTIFIER = org.outreach.ios.uitests;
				PRODUCT_NAME = "$(TARGET_NAME)";
				SWIFT_EMIT_LOC_STRINGS = NO;
				SWIFT_VERSION = 5.0;
				TARGETED_DEVICE_FAMILY = 1;
				TEST_TARGET_NAME = Outreach;
			};
			name = Debug;
		};
		BCF0006 /* Release */ = {
			isa = XCBuildConfiguration;
			buildSettings = {
				CODE_SIGN_STYLE = Automatic;
				CURRENT_PROJECT_VERSION = 1;
				DEVELOPMENT_TEAM = "";
				GENERATE_INFOPLIST_FILE = YES;
				IPHONEOS_DEPLOYMENT_TARGET = 17.0;
				MARKETING_VERSION = 1.0;
				PRODUCT_BUNDLE_IDENTIFIER = org.outreach.ios.uitests;
				PRODUCT_NAME = "$(TARGET_NAME)";
				SWIFT_EMIT_LOC_STRINGS = NO;
				SWIFT_VERSION = 5.0;
				TARGETED_DEVICE_FAMILY = 1;
				TEST_TARGET_NAME = Outreach;
			};
			name = Release;
		};
/* End XCBuildConfiguration section */

/* Begin XCConfigurationList section */
		CFG0001 /* Build configuration list for PBXProject "Outreach" */ = {
			isa = XCConfigurationList;
			buildConfigurations = (
				BCF0001 /* Debug */,
				BCF0002 /* Release */,
			);
			defaultConfigurationIsVisible = 0;
			defaultConfigurationName = Release;
		};
		CFG0003 /* Build configuration list for PBXNativeTarget "Outreach" */ = {
			isa = XCConfigurationList;
			buildConfigurations = (
				BCF0003 /* Debug */,
				BCF0004 /* Release */,
			);
			defaultConfigurationIsVisible = 0;
			defaultConfigurationName = Release;
		};
		CFG0004 /* Build configuration list for PBXNativeTarget "OutreachUITests" */ = {
			isa = XCConfigurationList;
			buildConfigurations = (
				BCF0005 /* Debug */,
				BCF0006 /* Release */,
			);
			defaultConfigurationIsVisible = 0;
			defaultConfigurationName = Release;
		};
/* End XCConfigurationList section */

/* Begin XCRemoteSwiftPackageReference section */
		PKG0001 /* XCRemoteSwiftPackageReference "firebase-ios-sdk" */ = {
			isa = XCRemoteSwiftPackageReference;
			repositoryURL = "https://github.com/firebase/firebase-ios-sdk";
			requirement = {
				kind = upToNextMajorVersion;
				minimumVersion = 11.3.0;
			};
		};
		PKG0002 /* XCRemoteSwiftPackageReference "GoogleSignIn-iOS" */ = {
			isa = XCRemoteSwiftPackageReference;
			repositoryURL = "https://github.com/google/GoogleSignIn-iOS";
			requirement = {
				kind = upToNextMajorVersion;
				minimumVersion = 7.0.0;
			};
		};
/* End XCRemoteSwiftPackageReference section */

/* Begin XCSwiftPackageProductDependency section */
		PRD0001 /* FirebaseCore */ = {
			isa = XCSwiftPackageProductDependency;
			package = PKG0001 /* XCRemoteSwiftPackageReference "firebase-ios-sdk" */;
			productName = FirebaseCore;
		};
		PRD0002 /* FirebaseAuth */ = {
			isa = XCSwiftPackageProductDependency;
			package = PKG0001 /* XCRemoteSwiftPackageReference "firebase-ios-sdk" */;
			productName = FirebaseAuth;
		};
		PRD0003 /* FirebaseFirestore */ = {
			isa = XCSwiftPackageProductDependency;
			package = PKG0001 /* XCRemoteSwiftPackageReference "firebase-ios-sdk" */;
			productName = FirebaseFirestore;
		};
		PRD0004 /* GoogleSignIn */ = {
			isa = XCSwiftPackageProductDependency;
			package = PKG0002 /* XCRemoteSwiftPackageReference "GoogleSignIn-iOS" */;
			productName = GoogleSignIn;
		};
		PRD0005 /* GoogleSignInSwift */ = {
			isa = XCSwiftPackageProductDependency;
			package = PKG0002 /* XCRemoteSwiftPackageReference "GoogleSignIn-iOS" */;
			productName = GoogleSignInSwift;
		};
/* End XCSwiftPackageProductDependency section */
	};
	rootObject = PRJ00001 /* Project object */;
}
